
Microsoft Visual Studio Solution File, Format Version 11.00
# Visual Studio 2010
Project("{FAE04EC0-301F-11D3-BF4B-00C04F79EFBC}") = "Assembly-CSharp", "Assembly-CSharp.csproj", "{69c4f83d-b629-34d6-592c-42977a705003}"
EndProject
Project("{FAE04EC0-301F-11D3-BF4B-00C04F79EFBC}") = "Assembly-CSharp-Editor", "Assembly-CSharp-Editor.csproj", "{465a51fc-06c0-efed-fe55-1f17bb10db01}"
EndProject
Global
	GlobalSection(SolutionConfigurationPlatforms) = preSolution
		Debug|Any CPU = Debug|Any CPU
	EndGlobalSection
	GlobalSection(ProjectConfigurationPlatforms) = postSolution
		{69c4f83d-b629-34d6-592c-42977a705003}.Debug|Any CPU.ActiveCfg = Debug|Any CPU
		{69c4f83d-b629-34d6-592c-42977a705003}.Debug|Any CPU.Build.0 = Debug|Any CPU
		{465a51fc-06c0-efed-fe55-1f17bb10db01}.Debug|Any CPU.ActiveCfg = Debug|Any CPU
		{465a51fc-06c0-efed-fe55-1f17bb10db01}.Debug|Any CPU.Build.0 = Debug|Any CPU
	EndGlobalSection
	GlobalSection(SolutionProperties) = preSolution
		HideSolutionNode = FALSE
	EndGlobalSection
EndGlobal
